
Microsoft Visual Studio Solution File, Format Version 12.00
# Visual Studio Version 16
VisualStudioVersion = 16.0.31424.327
MinimumVisualStudioVersion = 10.0.40219.1
Project("{FAE04EC0-301F-11D3-BF4B-00C04F79EFBC}") = "MrTomato", "MrTomato\MrTomato.csproj", "{E845826C-6C64-47BE-A33E-20E20D5CACFF}"
EndProject
Global
	GlobalSection(SolutionConfigurationPlatforms) = preSolution
		Debug|Any CPU = Debug|Any CPU
		Release|Any CPU = Release|Any CPU
	EndGlobalSection
	GlobalSection(ProjectConfigurationPlatforms) = postSolution
		{E845826C-6C64-47BE-A33E-20E20D5CACFF}.Debug|Any CPU.ActiveCfg = Debug|Any CPU
		{E845826C-6C64-47BE-A33E-20E20D5CACFF}.Debug|Any CPU.Build.0 = Debug|Any CPU
		{E845826C-6C64-47BE-A33E-20E20D5CACFF}.Release|Any CPU.ActiveCfg = Release|Any CPU
		{E845826C-6C64-47BE-A33E-20E20D5CACFF}.Release|Any CPU.Build.0 = Release|Any CPU
	EndGlobalSection
	GlobalSection(SolutionProperties) = preSolution
		HideSolutionNode = FALSE
	EndGlobalSection
	GlobalSection(ExtensibilityGlobals) = postSolution
		SolutionGuid = {6B11500D-FD41-4E8D-A1DA-8AF966F1B19F}
	EndGlobalSection
EndGlobal
